# THIS IS AN AUTOGENERATED FILE. DO NOT EDIT THIS FILE DIRECTLY.
# yarn lockfile v1


"@headlessui/react@^1.6.4":
  version "1.6.4"
  resolved "https://registry.yarnpkg.com/@headlessui/react/-/react-1.6.4.tgz#c73084e23386bef5fb86cd16da3352c3a844bb4c"
  integrity sha512-0yqz1scwbFtwljmbbKjXsSGl5ABEYNICVHZnMCWo0UtOZodo2Tpu94uOVgCRjRZ77l2WcTi2S0uidINDvG7lsA==

"@heroicons/react@^1.0.6":
  version "1.0.6"
  resolved "https://registry.yarnpkg.com/@heroicons/react/-/react-1.0.6.tgz#35dd26987228b39ef2316db3b1245c42eb19e324"
  integrity sha512-JJCXydOFWMDpCP4q13iEplA503MQO3xLoZiKum+955ZCtHINWnx26CUxVxxFQu/uLb4LW3ge15ZpzIkXKkJ8oQ==
